
Microsoft Visual Studio Solution File, Format Version 12.00
# Visual Studio Version 17
VisualStudioVersion = 17.8.34330.188
MinimumVisualStudioVersion = 10.0.40219.1
Project("{FAE04EC0-301F-11D3-BF4B-00C04F79EFBC}") = "CoreBusiness", "CoreBusiness.csproj", "{01D82348-734D-415C-B125-5103ED15928D}"
EndProject
Global
	GlobalSection(SolutionConfigurationPlatforms) = preSolution
		Debug|Any CPU = Debug|Any CPU
		Release|Any CPU = Release|Any CPU
	EndGlobalSection
	GlobalSection(ProjectConfigurationPlatforms) = postSolution
		{01D82348-734D-415C-B125-5103ED15928D}.Debug|Any CPU.ActiveCfg = Debug|Any CPU
		{01D82348-734D-415C-B125-5103ED15928D}.Debug|Any CPU.Build.0 = Debug|Any CPU
		{01D82348-734D-415C-B125-5103ED15928D}.Release|Any CPU.ActiveCfg = Release|Any CPU
		{01D82348-734D-415C-B125-5103ED15928D}.Release|Any CPU.Build.0 = Release|Any CPU
	EndGlobalSection
	GlobalSection(SolutionProperties) = preSolution
		HideSolutionNode = FALSE
	EndGlobalSection
	GlobalSection(ExtensibilityGlobals) = postSolution
		SolutionGuid = {FA990690-BCBF-4C3F-84BA-8B4B6610B111}
	EndGlobalSection
EndGlobal
