
Microsoft Visual Studio Solution File, Format Version 12.00
# Visual Studio Version 17
VisualStudioVersion = 17.8.34330.188
MinimumVisualStudioVersion = 10.0.40219.1
Project("{9A19103F-16F7-4668-BE54-9A1E7A4F7556}") = "WebApp", "WebApp.csproj", "{BA1A365D-500A-42EB-B222-0C70FBC08A6A}"
EndProject
Project("{FAE04EC0-301F-11D3-BF4B-00C04F79EFBC}") = "CoreBusiness", "..\CoreBusiness\CoreBusiness.csproj", "{90ED5024-43F8-4150-BDED-2F7F8B86BAB3}"
EndProject
Project("{FAE04EC0-301F-11D3-BF4B-00C04F79EFBC}") = "UseCases", "..\UseCases\UseCases.csproj", "{4DEBB710-A6AF-4006-91CB-7FFABB314480}"
EndProject
Project("{2150E333-8FDC-42A3-9474-1A3956D46DE8}") = "Plugins", "Plugins", "{F3666729-CD58-406A-BA78-ACD6A5F1CF25}"
EndProject
Project("{FAE04EC0-301F-11D3-BF4B-00C04F79EFBC}") = "Plugins.DataStore.InMemory", "Plugins\Plugins.DataStore.InMemory\Plugins.DataStore.InMemory.csproj", "{741F7EC9-7DE5-48BB-A0D5-FC03014EE104}"
EndProject
Global
	GlobalSection(SolutionConfigurationPlatforms) = preSolution
		Debug|Any CPU = Debug|Any CPU
		Release|Any CPU = Release|Any CPU
	EndGlobalSection
	GlobalSection(ProjectConfigurationPlatforms) = postSolution
		{BA1A365D-500A-42EB-B222-0C70FBC08A6A}.Debug|Any CPU.ActiveCfg = Debug|Any CPU
		{BA1A365D-500A-42EB-B222-0C70FBC08A6A}.Debug|Any CPU.Build.0 = Debug|Any CPU
		{BA1A365D-500A-42EB-B222-0C70FBC08A6A}.Release|Any CPU.ActiveCfg = Release|Any CPU
		{BA1A365D-500A-42EB-B222-0C70FBC08A6A}.Release|Any CPU.Build.0 = Release|Any CPU
		{90ED5024-43F8-4150-BDED-2F7F8B86BAB3}.Debug|Any CPU.ActiveCfg = Debug|Any CPU
		{90ED5024-43F8-4150-BDED-2F7F8B86BAB3}.Debug|Any CPU.Build.0 = Debug|Any CPU
		{90ED5024-43F8-4150-BDED-2F7F8B86BAB3}.Release|Any CPU.ActiveCfg = Release|Any CPU
		{90ED5024-43F8-4150-BDED-2F7F8B86BAB3}.Release|Any CPU.Build.0 = Release|Any CPU
		{4DEBB710-A6AF-4006-91CB-7FFABB314480}.Debug|Any CPU.ActiveCfg = Debug|Any CPU
		{4DEBB710-A6AF-4006-91CB-7FFABB314480}.Debug|Any CPU.Build.0 = Debug|Any CPU
		{4DEBB710-A6AF-4006-91CB-7FFABB314480}.Release|Any CPU.ActiveCfg = Release|Any CPU
		{4DEBB710-A6AF-4006-91CB-7FFABB314480}.Release|Any CPU.Build.0 = Release|Any CPU
		{741F7EC9-7DE5-48BB-A0D5-FC03014EE104}.Debug|Any CPU.ActiveCfg = Debug|Any CPU
		{741F7EC9-7DE5-48BB-A0D5-FC03014EE104}.Debug|Any CPU.Build.0 = Debug|Any CPU
		{741F7EC9-7DE5-48BB-A0D5-FC03014EE104}.Release|Any CPU.ActiveCfg = Release|Any CPU
		{741F7EC9-7DE5-48BB-A0D5-FC03014EE104}.Release|Any CPU.Build.0 = Release|Any CPU
	EndGlobalSection
	GlobalSection(SolutionProperties) = preSolution
		HideSolutionNode = FALSE
	EndGlobalSection
	GlobalSection(NestedProjects) = preSolution
		{741F7EC9-7DE5-48BB-A0D5-FC03014EE104} = {F3666729-CD58-406A-BA78-ACD6A5F1CF25}
	EndGlobalSection
	GlobalSection(ExtensibilityGlobals) = postSolution
		SolutionGuid = {43EB968A-81AA-4EDA-96F4-33E42905FC0F}
	EndGlobalSection
EndGlobal
